
Microsoft Visual Studio Solution File, Format Version 12.00
# Visual Studio Version 17
VisualStudioVersion = 17.0.31903.59
MinimumVisualStudioVersion = 10.0.40219.1
Project("{FAE04EC0-301F-11D3-BF4B-00C04F79EFBC}") = "R3Ext", "R3Ext\R3Ext.csproj", "{0049D995-81C6-4BC7-8F2F-EFB0E3F64619}"
EndProject
Project("{FAE04EC0-301F-11D3-BF4B-00C04F79EFBC}") = "R3Ext.SampleApp", "R3Ext.SampleApp\R3Ext.SampleApp.csproj", "{1D41126A-51FD-4739-80AA-07248FC32418}"
EndProject
Project("{FAE04EC0-301F-11D3-BF4B-00C04F79EFBC}") = "R3Ext.Tests", "R3Ext.Tests\R3Ext.Tests.csproj", "{D0339522-19B8-4719-9130-DEFC302357AF}"
EndProject
Project("{FAE04EC0-301F-11D3-BF4B-00C04F79EFBC}") = "R3Ext.Benchmarks", "R3Ext.Benchmarks\R3Ext.Benchmarks.csproj", "{A4A39F1F-495B-4A19-9E4C-9B3F6D4E6F77}"
EndProject
Project("{FAE04EC0-301F-11D3-BF4B-00C04F79EFBC}") = "R3Ext.Bindings.SourceGenerator", "R3Ext.Bindings.SourceGenerator\R3Ext.Bindings.SourceGenerator.csproj", "{3C5BE863-BF6F-4146-855B-EC47FA62339F}"
EndProject
Project("{FAE04EC0-301F-11D3-BF4B-00C04F79EFBC}") = "R3Ext.Bindings.MauiTargets", "R3Ext.Bindings.MauiTargets\R3Ext.Bindings.MauiTargets.csproj", "{826B2351-773C-4D06-915F-C1BD594D769F}"
EndProject
Project("{2150E333-8FDC-42A3-9474-1A3956D46DE8}") = "Samples", "Samples", "{309BF528-3A79-407B-9224-01736E1F360C}"
EndProject
Project("{2150E333-8FDC-42A3-9474-1A3956D46DE8}") = "Testing", "Testing", "{F2022F80-E320-47C7-A4FD-EE96861BBE9F}"
EndProject
Project("{2150E333-8FDC-42A3-9474-1A3956D46DE8}") = "Platforms", "Platforms", "{596203A4-13AC-4F73-9740-9D3374BE6608}"
EndProject
Project("{2150E333-8FDC-42A3-9474-1A3956D46DE8}") = "[ Solution ]", "[ Solution ]", "{2B83DD64-4579-407B-B3D2-BB506042AAED}"
	ProjectSection(SolutionItems) = preProject
		GitVersion.yml = GitVersion.yml
		Directory.Build.props = Directory.Build.props
		.gitignore = .gitignore
		.gitattributes = .gitattributes
		README.md = README.md
		.editorconfig = .editorconfig
		stylecop.json = stylecop.json
		logo.svg = logo.svg
		logo.png = logo.png
	EndProjectSection
EndProject
Project("{FAE04EC0-301F-11D3-BF4B-00C04F79EFBC}") = "R3.DynamicData", "R3.DynamicData\R3.DynamicData.csproj", "{8E1C2198-03C2-4EBA-979D-1DDC8C843CEC}"
EndProject
Project("{FAE04EC0-301F-11D3-BF4B-00C04F79EFBC}") = "R3.DynamicData.Tests", "R3.DynamicData.Tests\R3.DynamicData.Tests.csproj", "{425BABB2-FAD3-4A02-8895-65A1FACDC4EA}"
EndProject
Project("{FAE04EC0-301F-11D3-BF4B-00C04F79EFBC}") = "R3Ext.Maui", "R3Ext.Maui\R3Ext.Maui.csproj", "{6439E9E1-127F-476B-BDE1-8E0DD11370BC}"
EndProject
Project("{FAE04EC0-301F-11D3-BF4B-00C04F79EFBC}") = "R3Ext.Maui.Tests", "R3Ext.Maui.Tests\R3Ext.Maui.Tests.csproj", "{46F5097D-7D18-4A76-B175-955C05BE05FB}"
EndProject
Project("{FAE04EC0-301F-11D3-BF4B-00C04F79EFBC}") = "R3Ext.Avalonia", "R3Ext.Avalonia\R3Ext.Avalonia.csproj", "{200891A5-5CC9-410D-AA3E-EDF40CBB7C4E}"
EndProject
Project("{FAE04EC0-301F-11D3-BF4B-00C04F79EFBC}") = "R3Ext.Avalonia.Tests", "R3Ext.Avalonia.Tests\R3Ext.Avalonia.Tests.csproj", "{9A288AC2-9A0D-49EB-9C46-E890470D98C3}"
EndProject
Project("{FAE04EC0-301F-11D3-BF4B-00C04F79EFBC}") = "R3Ext.Avalonia.SampleApp", "R3Ext.Avalonia.SampleApp\R3Ext.Avalonia.SampleApp.csproj", "{005F9A4C-B8AF-43E0-B803-8CC6460FF0FD}"
EndProject
Project("{FAE04EC0-301F-11D3-BF4B-00C04F79EFBC}") = "R3Ext.SampleApp.ViewModels", "R3Ext.SampleApp.ViewModels\R3Ext.SampleApp.ViewModels.csproj", "{D568ADC6-9244-4968-85EC-9F30A0B06ED7}"
EndProject
Project("{FAE04EC0-301F-11D3-BF4B-00C04F79EFBC}") = "R3Ext.Bindings.AvaloniaTargets", "R3Ext.Bindings.AvaloniaTargets\R3Ext.Bindings.AvaloniaTargets.csproj", "{43E07C7A-971C-4291-8588-2C9115956D7A}"
EndProject
Project("{FAE04EC0-301F-11D3-BF4B-00C04F79EFBC}") = "R3Ext.Uno", "R3Ext.Uno\R3Ext.Uno.csproj", "{C29B59FD-35D5-4D05-8E1C-78F6D9996393}"
EndProject
Project("{FAE04EC0-301F-11D3-BF4B-00C04F79EFBC}") = "R3Ext.Uno.Tests", "R3Ext.Uno.Tests\R3Ext.Uno.Tests.csproj", "{00776DCB-EB2B-47E2-94F9-AC4AFABBB114}"
EndProject
Project("{FAE04EC0-301F-11D3-BF4B-00C04F79EFBC}") = "R3Ext.Bindings.UnoTargets", "R3Ext.Bindings.UnoTargets\R3Ext.Bindings.UnoTargets.csproj", "{F7A77539-4ECE-4AE1-80F2-E087A7CF9A07}"
EndProject
Global
	GlobalSection(SolutionConfigurationPlatforms) = preSolution
		Debug|Any CPU = Debug|Any CPU
		Debug|x64 = Debug|x64
		Debug|x86 = Debug|x86
		Release|Any CPU = Release|Any CPU
		Release|x64 = Release|x64
		Release|x86 = Release|x86
	EndGlobalSection
	GlobalSection(ProjectConfigurationPlatforms) = postSolution
		{0049D995-81C6-4BC7-8F2F-EFB0E3F64619}.Debug|Any CPU.ActiveCfg = Debug|Any CPU
		{0049D995-81C6-4BC7-8F2F-EFB0E3F64619}.Debug|Any CPU.Build.0 = Debug|Any CPU
		{0049D995-81C6-4BC7-8F2F-EFB0E3F64619}.Debug|x64.ActiveCfg = Debug|Any CPU
		{0049D995-81C6-4BC7-8F2F-EFB0E3F64619}.Debug|x64.Build.0 = Debug|Any CPU
		{0049D995-81C6-4BC7-8F2F-EFB0E3F64619}.Debug|x86.ActiveCfg = Debug|Any CPU
		{0049D995-81C6-4BC7-8F2F-EFB0E3F64619}.Debug|x86.Build.0 = Debug|Any CPU
		{0049D995-81C6-4BC7-8F2F-EFB0E3F64619}.Release|Any CPU.ActiveCfg = Release|Any CPU
		{0049D995-81C6-4BC7-8F2F-EFB0E3F64619}.Release|Any CPU.Build.0 = Release|Any CPU
		{0049D995-81C6-4BC7-8F2F-EFB0E3F64619}.Release|x64.ActiveCfg = Release|Any CPU
		{0049D995-81C6-4BC7-8F2F-EFB0E3F64619}.Release|x64.Build.0 = Release|Any CPU
		{0049D995-81C6-4BC7-8F2F-EFB0E3F64619}.Release|x86.ActiveCfg = Release|Any CPU
		{0049D995-81C6-4BC7-8F2F-EFB0E3F64619}.Release|x86.Build.0 = Release|Any CPU
		{1D41126A-51FD-4739-80AA-07248FC32418}.Debug|Any CPU.ActiveCfg = Debug|Any CPU
		{1D41126A-51FD-4739-80AA-07248FC32418}.Debug|Any CPU.Build.0 = Debug|Any CPU
		{1D41126A-51FD-4739-80AA-07248FC32418}.Debug|x64.ActiveCfg = Debug|Any CPU
		{1D41126A-51FD-4739-80AA-07248FC32418}.Debug|x64.Build.0 = Debug|Any CPU
		{1D41126A-51FD-4739-80AA-07248FC32418}.Debug|x86.ActiveCfg = Debug|Any CPU
		{1D41126A-51FD-4739-80AA-07248FC32418}.Debug|x86.Build.0 = Debug|Any CPU
		{1D41126A-51FD-4739-80AA-07248FC32418}.Release|Any CPU.ActiveCfg = Release|Any CPU
		{1D41126A-51FD-4739-80AA-07248FC32418}.Release|Any CPU.Build.0 = Release|Any CPU
		{1D41126A-51FD-4739-80AA-07248FC32418}.Release|x64.ActiveCfg = Release|Any CPU
		{1D41126A-51FD-4739-80AA-07248FC32418}.Release|x64.Build.0 = Release|Any CPU
		{1D41126A-51FD-4739-80AA-07248FC32418}.Release|x86.ActiveCfg = Release|Any CPU
		{1D41126A-51FD-4739-80AA-07248FC32418}.Release|x86.Build.0 = Release|Any CPU
		{D0339522-19B8-4719-9130-DEFC302357AF}.Debug|Any CPU.ActiveCfg = Debug|Any CPU
		{D0339522-19B8-4719-9130-DEFC302357AF}.Debug|Any CPU.Build.0 = Debug|Any CPU
		{D0339522-19B8-4719-9130-DEFC302357AF}.Debug|x64.ActiveCfg = Debug|Any CPU
		{D0339522-19B8-4719-9130-DEFC302357AF}.Debug|x64.Build.0 = Debug|Any CPU
		{D0339522-19B8-4719-9130-DEFC302357AF}.Debug|x86.ActiveCfg = Debug|Any CPU
		{D0339522-19B8-4719-9130-DEFC302357AF}.Debug|x86.Build.0 = Debug|Any CPU
		{D0339522-19B8-4719-9130-DEFC302357AF}.Release|Any CPU.ActiveCfg = Release|Any CPU
		{D0339522-19B8-4719-9130-DEFC302357AF}.Release|Any CPU.Build.0 = Release|Any CPU
		{D0339522-19B8-4719-9130-DEFC302357AF}.Release|x64.ActiveCfg = Release|Any CPU
		{D0339522-19B8-4719-9130-DEFC302357AF}.Release|x64.Build.0 = Release|Any CPU
		{D0339522-19B8-4719-9130-DEFC302357AF}.Release|x86.ActiveCfg = Release|Any CPU
		{D0339522-19B8-4719-9130-DEFC302357AF}.Release|x86.Build.0 = Release|Any CPU
		{A4A39F1F-495B-4A19-9E4C-9B3F6D4E6F77}.Debug|Any CPU.ActiveCfg = Debug|Any CPU
		{A4A39F1F-495B-4A19-9E4C-9B3F6D4E6F77}.Debug|Any CPU.Build.0 = Debug|Any CPU
		{A4A39F1F-495B-4A19-9E4C-9B3F6D4E6F77}.Debug|x64.ActiveCfg = Debug|Any CPU
		{A4A39F1F-495B-4A19-9E4C-9B3F6D4E6F77}.Debug|x64.Build.0 = Debug|Any CPU
		{A4A39F1F-495B-4A19-9E4C-9B3F6D4E6F77}.Debug|x86.ActiveCfg = Debug|Any CPU
		{A4A39F1F-495B-4A19-9E4C-9B3F6D4E6F77}.Debug|x86.Build.0 = Debug|Any CPU
		{A4A39F1F-495B-4A19-9E4C-9B3F6D4E6F77}.Release|Any CPU.ActiveCfg = Release|Any CPU
		{A4A39F1F-495B-4A19-9E4C-9B3F6D4E6F77}.Release|Any CPU.Build.0 = Release|Any CPU
		{A4A39F1F-495B-4A19-9E4C-9B3F6D4E6F77}.Release|x64.ActiveCfg = Release|Any CPU
		{A4A39F1F-495B-4A19-9E4C-9B3F6D4E6F77}.Release|x64.Build.0 = Release|Any CPU
		{A4A39F1F-495B-4A19-9E4C-9B3F6D4E6F77}.Release|x86.ActiveCfg = Release|Any CPU
		{A4A39F1F-495B-4A19-9E4C-9B3F6D4E6F77}.Release|x86.Build.0 = Release|Any CPU
		{3C5BE863-BF6F-4146-855B-EC47FA62339F}.Debug|Any CPU.ActiveCfg = Debug|Any CPU
		{3C5BE863-BF6F-4146-855B-EC47FA62339F}.Debug|Any CPU.Build.0 = Debug|Any CPU
		{3C5BE863-BF6F-4146-855B-EC47FA62339F}.Debug|x64.ActiveCfg = Debug|Any CPU
		{3C5BE863-BF6F-4146-855B-EC47FA62339F}.Debug|x64.Build.0 = Debug|Any CPU
		{3C5BE863-BF6F-4146-855B-EC47FA62339F}.Debug|x86.ActiveCfg = Debug|Any CPU
		{3C5BE863-BF6F-4146-855B-EC47FA62339F}.Debug|x86.Build.0 = Debug|Any CPU
		{3C5BE863-BF6F-4146-855B-EC47FA62339F}.Release|Any CPU.ActiveCfg = Release|Any CPU
		{3C5BE863-BF6F-4146-855B-EC47FA62339F}.Release|Any CPU.Build.0 = Release|Any CPU
		{3C5BE863-BF6F-4146-855B-EC47FA62339F}.Release|x64.ActiveCfg = Release|Any CPU
		{3C5BE863-BF6F-4146-855B-EC47FA62339F}.Release|x64.Build.0 = Release|Any CPU
		{3C5BE863-BF6F-4146-855B-EC47FA62339F}.Release|x86.ActiveCfg = Release|Any CPU
		{3C5BE863-BF6F-4146-855B-EC47FA62339F}.Release|x86.Build.0 = Release|Any CPU
		{826B2351-773C-4D06-915F-C1BD594D769F}.Debug|Any CPU.ActiveCfg = Debug|Any CPU
		{826B2351-773C-4D06-915F-C1BD594D769F}.Debug|Any CPU.Build.0 = Debug|Any CPU
		{826B2351-773C-4D06-915F-C1BD594D769F}.Debug|x64.ActiveCfg = Debug|Any CPU
		{826B2351-773C-4D06-915F-C1BD594D769F}.Debug|x64.Build.0 = Debug|Any CPU
		{826B2351-773C-4D06-915F-C1BD594D769F}.Debug|x86.ActiveCfg = Debug|Any CPU
		{826B2351-773C-4D06-915F-C1BD594D769F}.Debug|x86.Build.0 = Debug|Any CPU
		{826B2351-773C-4D06-915F-C1BD594D769F}.Release|Any CPU.ActiveCfg = Release|Any CPU
		{826B2351-773C-4D06-915F-C1BD594D769F}.Release|Any CPU.Build.0 = Release|Any CPU
		{826B2351-773C-4D06-915F-C1BD594D769F}.Release|x64.ActiveCfg = Release|Any CPU
		{826B2351-773C-4D06-915F-C1BD594D769F}.Release|x64.Build.0 = Release|Any CPU
		{826B2351-773C-4D06-915F-C1BD594D769F}.Release|x86.ActiveCfg = Release|Any CPU
		{826B2351-773C-4D06-915F-C1BD594D769F}.Release|x86.Build.0 = Release|Any CPU
		{8E1C2198-03C2-4EBA-979D-1DDC8C843CEC}.Debug|Any CPU.ActiveCfg = Debug|Any CPU
		{8E1C2198-03C2-4EBA-979D-1DDC8C843CEC}.Debug|Any CPU.Build.0 = Debug|Any CPU
		{8E1C2198-03C2-4EBA-979D-1DDC8C843CEC}.Debug|x64.ActiveCfg = Debug|Any CPU
		{8E1C2198-03C2-4EBA-979D-1DDC8C843CEC}.Debug|x64.Build.0 = Debug|Any CPU
		{8E1C2198-03C2-4EBA-979D-1DDC8C843CEC}.Debug|x86.ActiveCfg = Debug|Any CPU
		{8E1C2198-03C2-4EBA-979D-1DDC8C843CEC}.Debug|x86.Build.0 = Debug|Any CPU
		{8E1C2198-03C2-4EBA-979D-1DDC8C843CEC}.Release|Any CPU.ActiveCfg = Release|Any CPU
		{8E1C2198-03C2-4EBA-979D-1DDC8C843CEC}.Release|Any CPU.Build.0 = Release|Any CPU
		{8E1C2198-03C2-4EBA-979D-1DDC8C843CEC}.Release|x64.ActiveCfg = Release|Any CPU
		{8E1C2198-03C2-4EBA-979D-1DDC8C843CEC}.Release|x64.Build.0 = Release|Any CPU
		{8E1C2198-03C2-4EBA-979D-1DDC8C843CEC}.Release|x86.ActiveCfg = Release|Any CPU
		{8E1C2198-03C2-4EBA-979D-1DDC8C843CEC}.Release|x86.Build.0 = Release|Any CPU
		{425BABB2-FAD3-4A02-8895-65A1FACDC4EA}.Debug|Any CPU.ActiveCfg = Debug|Any CPU
		{425BABB2-FAD3-4A02-8895-65A1FACDC4EA}.Debug|Any CPU.Build.0 = Debug|Any CPU
		{425BABB2-FAD3-4A02-8895-65A1FACDC4EA}.Debug|x64.ActiveCfg = Debug|Any CPU
		{425BABB2-FAD3-4A02-8895-65A1FACDC4EA}.Debug|x64.Build.0 = Debug|Any CPU
		{425BABB2-FAD3-4A02-8895-65A1FACDC4EA}.Debug|x86.ActiveCfg = Debug|Any CPU
		{425BABB2-FAD3-4A02-8895-65A1FACDC4EA}.Debug|x86.Build.0 = Debug|Any CPU
		{425BABB2-FAD3-4A02-8895-65A1FACDC4EA}.Release|Any CPU.ActiveCfg = Release|Any CPU
		{425BABB2-FAD3-4A02-8895-65A1FACDC4EA}.Release|Any CPU.Build.0 = Release|Any CPU
		{425BABB2-FAD3-4A02-8895-65A1FACDC4EA}.Release|x64.ActiveCfg = Release|Any CPU
		{425BABB2-FAD3-4A02-8895-65A1FACDC4EA}.Release|x64.Build.0 = Release|Any CPU
		{425BABB2-FAD3-4A02-8895-65A1FACDC4EA}.Release|x86.ActiveCfg = Release|Any CPU
		{425BABB2-FAD3-4A02-8895-65A1FACDC4EA}.Release|x86.Build.0 = Release|Any CPU
		{6439E9E1-127F-476B-BDE1-8E0DD11370BC}.Debug|Any CPU.ActiveCfg = Debug|Any CPU
		{6439E9E1-127F-476B-BDE1-8E0DD11370BC}.Debug|Any CPU.Build.0 = Debug|Any CPU
		{6439E9E1-127F-476B-BDE1-8E0DD11370BC}.Debug|x64.ActiveCfg = Debug|Any CPU
		{6439E9E1-127F-476B-BDE1-8E0DD11370BC}.Debug|x64.Build.0 = Debug|Any CPU
		{6439E9E1-127F-476B-BDE1-8E0DD11370BC}.Debug|x86.ActiveCfg = Debug|Any CPU
		{6439E9E1-127F-476B-BDE1-8E0DD11370BC}.Debug|x86.Build.0 = Debug|Any CPU
		{6439E9E1-127F-476B-BDE1-8E0DD11370BC}.Release|Any CPU.ActiveCfg = Release|Any CPU
		{6439E9E1-127F-476B-BDE1-8E0DD11370BC}.Release|Any CPU.Build.0 = Release|Any CPU
		{6439E9E1-127F-476B-BDE1-8E0DD11370BC}.Release|x64.ActiveCfg = Release|Any CPU
		{6439E9E1-127F-476B-BDE1-8E0DD11370BC}.Release|x64.Build.0 = Release|Any CPU
		{6439E9E1-127F-476B-BDE1-8E0DD11370BC}.Release|x86.ActiveCfg = Release|Any CPU
		{6439E9E1-127F-476B-BDE1-8E0DD11370BC}.Release|x86.Build.0 = Release|Any CPU
		{46F5097D-7D18-4A76-B175-955C05BE05FB}.Debug|Any CPU.ActiveCfg = Debug|Any CPU
		{46F5097D-7D18-4A76-B175-955C05BE05FB}.Debug|Any CPU.Build.0 = Debug|Any CPU
		{46F5097D-7D18-4A76-B175-955C05BE05FB}.Debug|x64.ActiveCfg = Debug|Any CPU
		{46F5097D-7D18-4A76-B175-955C05BE05FB}.Debug|x64.Build.0 = Debug|Any CPU
		{46F5097D-7D18-4A76-B175-955C05BE05FB}.Debug|x86.ActiveCfg = Debug|Any CPU
		{46F5097D-7D18-4A76-B175-955C05BE05FB}.Debug|x86.Build.0 = Debug|Any CPU
		{46F5097D-7D18-4A76-B175-955C05BE05FB}.Release|Any CPU.ActiveCfg = Release|Any CPU
		{46F5097D-7D18-4A76-B175-955C05BE05FB}.Release|Any CPU.Build.0 = Release|Any CPU
		{46F5097D-7D18-4A76-B175-955C05BE05FB}.Release|x64.ActiveCfg = Release|Any CPU
		{46F5097D-7D18-4A76-B175-955C05BE05FB}.Release|x64.Build.0 = Release|Any CPU
		{46F5097D-7D18-4A76-B175-955C05BE05FB}.Release|x86.ActiveCfg = Release|Any CPU
		{46F5097D-7D18-4A76-B175-955C05BE05FB}.Release|x86.Build.0 = Release|Any CPU
		{200891A5-5CC9-410D-AA3E-EDF40CBB7C4E}.Debug|Any CPU.ActiveCfg = Debug|Any CPU
		{200891A5-5CC9-410D-AA3E-EDF40CBB7C4E}.Debug|Any CPU.Build.0 = Debug|Any CPU
		{200891A5-5CC9-410D-AA3E-EDF40CBB7C4E}.Debug|x64.ActiveCfg = Debug|Any CPU
		{200891A5-5CC9-410D-AA3E-EDF40CBB7C4E}.Debug|x64.Build.0 = Debug|Any CPU
		{200891A5-5CC9-410D-AA3E-EDF40CBB7C4E}.Debug|x86.ActiveCfg = Debug|Any CPU
		{200891A5-5CC9-410D-AA3E-EDF40CBB7C4E}.Debug|x86.Build.0 = Debug|Any CPU
		{200891A5-5CC9-410D-AA3E-EDF40CBB7C4E}.Release|Any CPU.ActiveCfg = Release|Any CPU
		{200891A5-5CC9-410D-AA3E-EDF40CBB7C4E}.Release|Any CPU.Build.0 = Release|Any CPU
		{200891A5-5CC9-410D-AA3E-EDF40CBB7C4E}.Release|x64.ActiveCfg = Release|Any CPU
		{200891A5-5CC9-410D-AA3E-EDF40CBB7C4E}.Release|x64.Build.0 = Release|Any CPU
		{200891A5-5CC9-410D-AA3E-EDF40CBB7C4E}.Release|x86.ActiveCfg = Release|Any CPU
		{200891A5-5CC9-410D-AA3E-EDF40CBB7C4E}.Release|x86.Build.0 = Release|Any CPU
		{9A288AC2-9A0D-49EB-9C46-E890470D98C3}.Debug|Any CPU.ActiveCfg = Debug|Any CPU
		{9A288AC2-9A0D-49EB-9C46-E890470D98C3}.Debug|Any CPU.Build.0 = Debug|Any CPU
		{9A288AC2-9A0D-49EB-9C46-E890470D98C3}.Debug|x64.ActiveCfg = Debug|Any CPU
		{9A288AC2-9A0D-49EB-9C46-E890470D98C3}.Debug|x64.Build.0 = Debug|Any CPU
		{9A288AC2-9A0D-49EB-9C46-E890470D98C3}.Debug|x86.ActiveCfg = Debug|Any CPU
		{9A288AC2-9A0D-49EB-9C46-E890470D98C3}.Debug|x86.Build.0 = Debug|Any CPU
		{9A288AC2-9A0D-49EB-9C46-E890470D98C3}.Release|Any CPU.ActiveCfg = Release|Any CPU
		{9A288AC2-9A0D-49EB-9C46-E890470D98C3}.Release|Any CPU.Build.0 = Release|Any CPU
		{9A288AC2-9A0D-49EB-9C46-E890470D98C3}.Release|x64.ActiveCfg = Release|Any CPU
		{9A288AC2-9A0D-49EB-9C46-E890470D98C3}.Release|x64.Build.0 = Release|Any CPU
		{9A288AC2-9A0D-49EB-9C46-E890470D98C3}.Release|x86.ActiveCfg = Release|Any CPU
		{9A288AC2-9A0D-49EB-9C46-E890470D98C3}.Release|x86.Build.0 = Release|Any CPU
		{005F9A4C-B8AF-43E0-B803-8CC6460FF0FD}.Debug|Any CPU.ActiveCfg = Debug|Any CPU
		{005F9A4C-B8AF-43E0-B803-8CC6460FF0FD}.Debug|Any CPU.Build.0 = Debug|Any CPU
		{005F9A4C-B8AF-43E0-B803-8CC6460FF0FD}.Debug|x64.ActiveCfg = Debug|Any CPU
		{005F9A4C-B8AF-43E0-B803-8CC6460FF0FD}.Debug|x64.Build.0 = Debug|Any CPU
		{005F9A4C-B8AF-43E0-B803-8CC6460FF0FD}.Debug|x86.ActiveCfg = Debug|Any CPU
		{005F9A4C-B8AF-43E0-B803-8CC6460FF0FD}.Debug|x86.Build.0 = Debug|Any CPU
		{005F9A4C-B8AF-43E0-B803-8CC6460FF0FD}.Release|Any CPU.ActiveCfg = Release|Any CPU
		{005F9A4C-B8AF-43E0-B803-8CC6460FF0FD}.Release|Any CPU.Build.0 = Release|Any CPU
		{005F9A4C-B8AF-43E0-B803-8CC6460FF0FD}.Release|x64.ActiveCfg = Release|Any CPU
		{005F9A4C-B8AF-43E0-B803-8CC6460FF0FD}.Release|x64.Build.0 = Release|Any CPU
		{005F9A4C-B8AF-43E0-B803-8CC6460FF0FD}.Release|x86.ActiveCfg = Release|Any CPU
		{005F9A4C-B8AF-43E0-B803-8CC6460FF0FD}.Release|x86.Build.0 = Release|Any CPU
		{D568ADC6-9244-4968-85EC-9F30A0B06ED7}.Debug|Any CPU.ActiveCfg = Debug|Any CPU
		{D568ADC6-9244-4968-85EC-9F30A0B06ED7}.Debug|Any CPU.Build.0 = Debug|Any CPU
		{D568ADC6-9244-4968-85EC-9F30A0B06ED7}.Debug|x64.ActiveCfg = Debug|Any CPU
		{D568ADC6-9244-4968-85EC-9F30A0B06ED7}.Debug|x64.Build.0 = Debug|Any CPU
		{D568ADC6-9244-4968-85EC-9F30A0B06ED7}.Debug|x86.ActiveCfg = Debug|Any CPU
		{D568ADC6-9244-4968-85EC-9F30A0B06ED7}.Debug|x86.Build.0 = Debug|Any CPU
		{D568ADC6-9244-4968-85EC-9F30A0B06ED7}.Release|Any CPU.ActiveCfg = Release|Any CPU
		{D568ADC6-9244-4968-85EC-9F30A0B06ED7}.Release|Any CPU.Build.0 = Release|Any CPU
		{D568ADC6-9244-4968-85EC-9F30A0B06ED7}.Release|x64.ActiveCfg = Release|Any CPU
		{D568ADC6-9244-4968-85EC-9F30A0B06ED7}.Release|x64.Build.0 = Release|Any CPU
		{D568ADC6-9244-4968-85EC-9F30A0B06ED7}.Release|x86.ActiveCfg = Release|Any CPU
		{D568ADC6-9244-4968-85EC-9F30A0B06ED7}.Release|x86.Build.0 = Release|Any CPU
		{43E07C7A-971C-4291-8588-2C9115956D7A}.Debug|Any CPU.ActiveCfg = Debug|Any CPU
		{43E07C7A-971C-4291-8588-2C9115956D7A}.Debug|Any CPU.Build.0 = Debug|Any CPU
		{43E07C7A-971C-4291-8588-2C9115956D7A}.Debug|x64.ActiveCfg = Debug|Any CPU
		{43E07C7A-971C-4291-8588-2C9115956D7A}.Debug|x64.Build.0 = Debug|Any CPU
		{43E07C7A-971C-4291-8588-2C9115956D7A}.Debug|x86.ActiveCfg = Debug|Any CPU
		{43E07C7A-971C-4291-8588-2C9115956D7A}.Debug|x86.Build.0 = Debug|Any CPU
		{43E07C7A-971C-4291-8588-2C9115956D7A}.Release|Any CPU.ActiveCfg = Release|Any CPU
		{43E07C7A-971C-4291-8588-2C9115956D7A}.Release|Any CPU.Build.0 = Release|Any CPU
		{43E07C7A-971C-4291-8588-2C9115956D7A}.Release|x64.ActiveCfg = Release|Any CPU
		{43E07C7A-971C-4291-8588-2C9115956D7A}.Release|x64.Build.0 = Release|Any CPU
		{43E07C7A-971C-4291-8588-2C9115956D7A}.Release|x86.ActiveCfg = Release|Any CPU
		{43E07C7A-971C-4291-8588-2C9115956D7A}.Release|x86.Build.0 = Release|Any CPU
		{C29B59FD-35D5-4D05-8E1C-78F6D9996393}.Debug|Any CPU.ActiveCfg = Debug|Any CPU
		{C29B59FD-35D5-4D05-8E1C-78F6D9996393}.Debug|Any CPU.Build.0 = Debug|Any CPU
		{C29B59FD-35D5-4D05-8E1C-78F6D9996393}.Debug|x64.ActiveCfg = Debug|Any CPU
		{C29B59FD-35D5-4D05-8E1C-78F6D9996393}.Debug|x64.Build.0 = Debug|Any CPU
		{C29B59FD-35D5-4D05-8E1C-78F6D9996393}.Debug|x86.ActiveCfg = Debug|Any CPU
		{C29B59FD-35D5-4D05-8E1C-78F6D9996393}.Debug|x86.Build.0 = Debug|Any CPU
		{C29B59FD-35D5-4D05-8E1C-78F6D9996393}.Release|Any CPU.ActiveCfg = Release|Any CPU
		{C29B59FD-35D5-4D05-8E1C-78F6D9996393}.Release|Any CPU.Build.0 = Release|Any CPU
		{C29B59FD-35D5-4D05-8E1C-78F6D9996393}.Release|x64.ActiveCfg = Release|Any CPU
		{C29B59FD-35D5-4D05-8E1C-78F6D9996393}.Release|x64.Build.0 = Release|Any CPU
		{C29B59FD-35D5-4D05-8E1C-78F6D9996393}.Release|x86.ActiveCfg = Release|Any CPU
		{C29B59FD-35D5-4D05-8E1C-78F6D9996393}.Release|x86.Build.0 = Release|Any CPU
		{00776DCB-EB2B-47E2-94F9-AC4AFABBB114}.Debug|Any CPU.ActiveCfg = Debug|Any CPU
		{00776DCB-EB2B-47E2-94F9-AC4AFABBB114}.Debug|Any CPU.Build.0 = Debug|Any CPU
		{00776DCB-EB2B-47E2-94F9-AC4AFABBB114}.Debug|x64.ActiveCfg = Debug|Any CPU
		{00776DCB-EB2B-47E2-94F9-AC4AFABBB114}.Debug|x64.Build.0 = Debug|Any CPU
		{00776DCB-EB2B-47E2-94F9-AC4AFABBB114}.Debug|x86.ActiveCfg = Debug|Any CPU
		{00776DCB-EB2B-47E2-94F9-AC4AFABBB114}.Debug|x86.Build.0 = Debug|Any CPU
		{00776DCB-EB2B-47E2-94F9-AC4AFABBB114}.Release|Any CPU.ActiveCfg = Release|Any CPU
		{00776DCB-EB2B-47E2-94F9-AC4AFABBB114}.Release|Any CPU.Build.0 = Release|Any CPU
		{00776DCB-EB2B-47E2-94F9-AC4AFABBB114}.Release|x64.ActiveCfg = Release|Any CPU
		{00776DCB-EB2B-47E2-94F9-AC4AFABBB114}.Release|x64.Build.0 = Release|Any CPU
		{00776DCB-EB2B-47E2-94F9-AC4AFABBB114}.Release|x86.ActiveCfg = Release|Any CPU
		{00776DCB-EB2B-47E2-94F9-AC4AFABBB114}.Release|x86.Build.0 = Release|Any CPU
		{F7A77539-4ECE-4AE1-80F2-E087A7CF9A07}.Debug|Any CPU.ActiveCfg = Debug|Any CPU
		{F7A77539-4ECE-4AE1-80F2-E087A7CF9A07}.Debug|Any CPU.Build.0 = Debug|Any CPU
		{F7A77539-4ECE-4AE1-80F2-E087A7CF9A07}.Debug|x64.ActiveCfg = Debug|Any CPU
		{F7A77539-4ECE-4AE1-80F2-E087A7CF9A07}.Debug|x64.Build.0 = Debug|Any CPU
		{F7A77539-4ECE-4AE1-80F2-E087A7CF9A07}.Debug|x86.ActiveCfg = Debug|Any CPU
		{F7A77539-4ECE-4AE1-80F2-E087A7CF9A07}.Debug|x86.Build.0 = Debug|Any CPU
		{F7A77539-4ECE-4AE1-80F2-E087A7CF9A07}.Release|Any CPU.ActiveCfg = Release|Any CPU
		{F7A77539-4ECE-4AE1-80F2-E087A7CF9A07}.Release|Any CPU.Build.0 = Release|Any CPU
		{F7A77539-4ECE-4AE1-80F2-E087A7CF9A07}.Release|x64.ActiveCfg = Release|Any CPU
		{F7A77539-4ECE-4AE1-80F2-E087A7CF9A07}.Release|x64.Build.0 = Release|Any CPU
		{F7A77539-4ECE-4AE1-80F2-E087A7CF9A07}.Release|x86.ActiveCfg = Release|Any CPU
		{F7A77539-4ECE-4AE1-80F2-E087A7CF9A07}.Release|x86.Build.0 = Release|Any CPU
	EndGlobalSection
	GlobalSection(SolutionProperties) = preSolution
		HideSolutionNode = FALSE
	EndGlobalSection
	GlobalSection(NestedProjects) = preSolution
		{1D41126A-51FD-4739-80AA-07248FC32418} = {309BF528-3A79-407B-9224-01736E1F360C}
		{D0339522-19B8-4719-9130-DEFC302357AF} = {F2022F80-E320-47C7-A4FD-EE96861BBE9F}
		{A4A39F1F-495B-4A19-9E4C-9B3F6D4E6F77} = {F2022F80-E320-47C7-A4FD-EE96861BBE9F}
		{826B2351-773C-4D06-915F-C1BD594D769F} = {596203A4-13AC-4F73-9740-9D3374BE6608}
		{425BABB2-FAD3-4A02-8895-65A1FACDC4EA} = {F2022F80-E320-47C7-A4FD-EE96861BBE9F}
		{46F5097D-7D18-4A76-B175-955C05BE05FB} = {F2022F80-E320-47C7-A4FD-EE96861BBE9F}
		{9A288AC2-9A0D-49EB-9C46-E890470D98C3} = {F2022F80-E320-47C7-A4FD-EE96861BBE9F}
		{005F9A4C-B8AF-43E0-B803-8CC6460FF0FD} = {309BF528-3A79-407B-9224-01736E1F360C}
		{D568ADC6-9244-4968-85EC-9F30A0B06ED7} = {309BF528-3A79-407B-9224-01736E1F360C}
		{00776DCB-EB2B-47E2-94F9-AC4AFABBB114} = {F2022F80-E320-47C7-A4FD-EE96861BBE9F}
	EndGlobalSection
EndGlobal
